
Microsoft Visual Studio Solution File, Format Version 12.00
# Visual Studio Version 17
VisualStudioVersion = 17.11.35222.181
MinimumVisualStudioVersion = 10.0.40219.1
Project("{FAE04EC0-301F-11D3-BF4B-00C04F79EFBC}") = "Seccion12", "Seccion12\Seccion12.csproj", "{A675B172-2395-4B68-872F-7DCB4FBA88C6}"
EndProject
Global
	GlobalSection(SolutionConfigurationPlatforms) = preSolution
		Debug|Any CPU = Debug|Any CPU
		Release|Any CPU = Release|Any CPU
	EndGlobalSection
	GlobalSection(ProjectConfigurationPlatforms) = postSolution
		{A675B172-2395-4B68-872F-7DCB4FBA88C6}.Debug|Any CPU.ActiveCfg = Debug|Any CPU
		{A675B172-2395-4B68-872F-7DCB4FBA88C6}.Debug|Any CPU.Build.0 = Debug|Any CPU
		{A675B172-2395-4B68-872F-7DCB4FBA88C6}.Release|Any CPU.ActiveCfg = Release|Any CPU
		{A675B172-2395-4B68-872F-7DCB4FBA88C6}.Release|Any CPU.Build.0 = Release|Any CPU
	EndGlobalSection
	GlobalSection(SolutionProperties) = preSolution
		HideSolutionNode = FALSE
	EndGlobalSection
	GlobalSection(ExtensibilityGlobals) = postSolution
		SolutionGuid = {EFE4166C-F165-4883-92CB-691FF39398D7}
	EndGlobalSection
EndGlobal
